{
  "name": "ommx-pyodide-test",
  "version": "1.0.0",
  "lockfileVersion": 3,
  "requires": true,
  "packages": {
    "": {
      "name": "ommx-pyodide-test",
      "version": "1.0.0",
      "dependencies": {
        "glob": "^11.0.0",
        "pyodide": "^0.29.0"
      }
    },
    "node_modules/@isaacs/cliui": {
      "version": "9.0.0",
      "resolved": "https://registry.npmjs.org/@isaacs/cliui/-/cliui-9.0.0.tgz",
      "integrity": "sha512-AokJm4tuBHillT+FpMtxQ60n8ObyXBatq7jD2/JA9dxbDDokKQm8KMht5ibGzLVU9IJDIKK4TPKgMHEYMn3lMg==",
      "license": "BlueOak-1.0.0",
      "engines": {
        "node": ">=18"
      }
    },
    "node_modules/@types/emscripten": {
      "version": "1.41.5",
      "resolved": "https://registry.npmjs.org/@types/emscripten/-/emscripten-1.41.5.tgz",
      "integrity": "sha512-cMQm7pxu6BxtHyqJ7mQZ2kXWV5SLmugybFdHCBbJ5eHzOo6VhBckEgAT3//rP5FwPHNPeEiq4SmQ5ucBwsOo4Q==",
      "license": "MIT"
    },
    "node_modules/balanced-match": {
      "version": "4.0.2",
      "resolved": "https://registry.npmjs.org/balanced-match/-/balanced-match-4.0.2.tgz",
      "integrity": "sha512-x0K50QvKQ97fdEz2kPehIerj+YTeptKF9hyYkKf6egnwmMWAkADiO0QCzSp0R5xN8FTZgYaBfSaue46Ej62nMg==",
      "license": "MIT",
      "dependencies": {
        "jackspeak": "^4.2.3"
      },
      "engines": {
        "node": "20 || >=22"
      }
    },
    "node_modules/brace-expansion": {
      "version": "5.0.5",
      "resolved": "https://registry.npmjs.org/brace-expansion/-/brace-expansion-5.0.5.tgz",
      "integrity": "sha512-VZznLgtwhn+Mact9tfiwx64fA9erHH/MCXEUfB/0bX/6Fz6ny5EGTXYltMocqg4xFAQZtnO3DHWWXi8RiuN7cQ==",
      "license": "MIT",
      "dependencies": {
        "balanced-match": "^4.0.2"
      },
      "engines": {
        "node": "18 || 20 || >=22"
      }
    },
    "node_modules/cross-spawn": {
      "version": "7.0.6",
      "resolved": "https://registry.npmjs.org/cross-spawn/-/cross-spawn-7.0.6.tgz",
      "integrity": "sha512-uV2QOWP2nWzsy2aMp8aRibhi9dlzF5Hgh5SHaB9OiTGEyDTiJJyx0uy51QXdyWbtAHNua4XJzUKca3OzKUd3vA==",
      "license": "MIT",
      "dependencies": {
        "path-key": "^3.1.0",
        "shebang-command": "^2.0.0",
        "which": "^2.0.1"
      },
      "engines": {
        "node": ">= 8"
      }
    },
    "node_modules/foreground-child": {
      "version": "3.3.1",
      "resolved": "https://registry.npmjs.org/foreground-child/-/foreground-child-3.3.1.tgz",
      "integrity": "sha512-gIXjKqtFuWEgzFRJA9WCQeSJLZDjgJUOMCMzxtvFq/37KojM1BFGufqsCy0r4qSQmYLsZYMeyRqzIWOMup03sw==",
      "license": "ISC",
      "dependencies": {
        "cross-spawn": "^7.0.6",
        "signal-exit": "^4.0.1"
      },
      "engines": {
        "node": ">=14"
      },
      "funding": {
        "url": "https://github.com/sponsors/isaacs"
      }
    },
    "node_modules/glob": {
      "version": "11.1.0",
      "resolved": "https://registry.npmjs.org/glob/-/glob-11.1.0.tgz",
      "integrity": "sha512-vuNwKSaKiqm7g0THUBu2x7ckSs3XJLXE+2ssL7/MfTGPLLcrJQ/4Uq1CjPTtO5cCIiRxqvN6Twy1qOwhL0Xjcw==",
      "deprecated": "Old versions of glob are not supported, and contain widely publicized security vulnerabilities, which have been fixed in the current version. Please update. Support for old versions may be purchased (at exorbitant rates) by contacting i@izs.me",
      "license": "BlueOak-1.0.0",
      "dependencies": {
        "foreground-child": "^3.3.1",
        "jackspeak": "^4.1.1",
        "minimatch": "^10.1.1",
        "minipass": "^7.1.2",
        "package-json-from-dist": "^1.0.0",
        "path-scurry": "^2.0.0"
      },
      "bin": {
        "glob": "dist/esm/bin.mjs"
      },
      "engines": {
        "node": "20 || >=22"
      },
      "funding": {
        "url": "https://github.com/sponsors/isaacs"
      }
    },
    "node_modules/isexe": {
      "version": "2.0.0",
      "resolved": "https://registry.npmjs.org/isexe/-/isexe-2.0.0.tgz",
      "integrity": "sha512-RHxMLp9lnKHGHRng9QFhRCMbYAcVpn69smSGcq3f36xjgVVWThj4qqLbTLlq7Ssj8B+fIQ1EuCEGI2lKsyQeIw==",
      "license": "ISC"
    },
    "node_modules/jackspeak": {
      "version": "4.2.3",
      "resolved": "https://registry.npmjs.org/jackspeak/-/jackspeak-4.2.3.tgz",
      "integrity": "sha512-ykkVRwrYvFm1nb2AJfKKYPr0emF6IiXDYUaFx4Zn9ZuIH7MrzEZ3sD5RlqGXNRpHtvUHJyOnCEFxOlNDtGo7wg==",
      "license": "BlueOak-1.0.0",
      "dependencies": {
        "@isaacs/cliui": "^9.0.0"
      },
      "engines": {
        "node": "20 || >=22"
      },
      "funding": {
        "url": "https://github.com/sponsors/isaacs"
      }
    },
    "node_modules/lru-cache": {
      "version": "11.2.6",
      "resolved": "https://registry.npmjs.org/lru-cache/-/lru-cache-11.2.6.tgz",
      "integrity": "sha512-ESL2CrkS/2wTPfuend7Zhkzo2u0daGJ/A2VucJOgQ/C48S/zB8MMeMHSGKYpXhIjbPxfuezITkaBH1wqv00DDQ==",
      "license": "BlueOak-1.0.0",
      "engines": {
        "node": "20 || >=22"
      }
    },
    "node_modules/minimatch": {
      "version": "10.2.4",
      "resolved": "https://registry.npmjs.org/minimatch/-/minimatch-10.2.4.tgz",
      "integrity": "sha512-oRjTw/97aTBN0RHbYCdtF1MQfvusSIBQM0IZEgzl6426+8jSC0nF1a/GmnVLpfB9yyr6g6FTqWqiZVbxrtaCIg==",
      "license": "BlueOak-1.0.0",
      "dependencies": {
        "brace-expansion": "^5.0.2"
      },
      "engines": {
        "node": "18 || 20 || >=22"
      },
      "funding": {
        "url": "https://github.com/sponsors/isaacs"
      }
    },
    "node_modules/minipass": {
      "version": "7.1.2",
      "resolved": "https://registry.npmjs.org/minipass/-/minipass-7.1.2.tgz",
      "integrity": "sha512-qOOzS1cBTWYF4BH8fVePDBOO9iptMnGUEZwNc/cMWnTV2nVLZ7VoNWEPHkYczZA0pdoA7dl6e7FL659nX9S2aw==",
      "license": "ISC",
      "engines": {
        "node": ">=16 || 14 >=14.17"
      }
    },
    "node_modules/package-json-from-dist": {
      "version": "1.0.1",
      "resolved": "https://registry.npmjs.org/package-json-from-dist/-/package-json-from-dist-1.0.1.tgz",
      "integrity": "sha512-UEZIS3/by4OC8vL3P2dTXRETpebLI2NiI5vIrjaD/5UtrkFX/tNbwjTSRAGC/+7CAo2pIcBaRgWmcBBHcsaCIw==",
      "license": "BlueOak-1.0.0"
    },
    "node_modules/path-key": {
      "version": "3.1.1",
      "resolved": "https://registry.npmjs.org/path-key/-/path-key-3.1.1.tgz",
      "integrity": "sha512-ojmeN0qd+y0jszEtoY48r0Peq5dwMEkIlCOu6Q5f41lfkswXuKtYrhgoTpLnyIcHm24Uhqx+5Tqm2InSwLhE6Q==",
      "license": "MIT",
      "engines": {
        "node": ">=8"
      }
    },
    "node_modules/path-scurry": {
      "version": "2.0.1",
      "resolved": "https://registry.npmjs.org/path-scurry/-/path-scurry-2.0.1.tgz",
      "integrity": "sha512-oWyT4gICAu+kaA7QWk/jvCHWarMKNs6pXOGWKDTr7cw4IGcUbW+PeTfbaQiLGheFRpjo6O9J0PmyMfQPjH71oA==",
      "license": "BlueOak-1.0.0",
      "dependencies": {
        "lru-cache": "^11.0.0",
        "minipass": "^7.1.2"
      },
      "engines": {
        "node": "20 || >=22"
      },
      "funding": {
        "url": "https://github.com/sponsors/isaacs"
      }
    },
    "node_modules/pyodide": {
      "version": "0.29.3",
      "resolved": "https://registry.npmjs.org/pyodide/-/pyodide-0.29.3.tgz",
      "integrity": "sha512-22UBuhOJawj7vKUnS7/F3xK+515LJdjiMAHoCfuS6/PbHiOrSQVnYwDe+2sbVwiOZ3sMMexdXICew6NqOMQGgA==",
      "license": "MPL-2.0",
      "dependencies": {
        "@types/emscripten": "^1.41.4",
        "ws": "^8.5.0"
      },
      "engines": {
        "node": ">=18.0.0"
      }
    },
    "node_modules/shebang-command": {
      "version": "2.0.0",
      "resolved": "https://registry.npmjs.org/shebang-command/-/shebang-command-2.0.0.tgz",
      "integrity": "sha512-kHxr2zZpYtdmrN1qDjrrX/Z1rR1kG8Dx+gkpK1G4eXmvXswmcE1hTWBWYUzlraYw1/yZp6YuDY77YtvbN0dmDA==",
      "license": "MIT",
      "dependencies": {
        "shebang-regex": "^3.0.0"
      },
      "engines": {
        "node": ">=8"
      }
    },
    "node_modules/shebang-regex": {
      "version": "3.0.0",
      "resolved": "https://registry.npmjs.org/shebang-regex/-/shebang-regex-3.0.0.tgz",
      "integrity": "sha512-7++dFhtcx3353uBaq8DDR4NuxBetBzC7ZQOhmTQInHEd6bSrXdiEyzCvG07Z44UYdLShWUyXt5M/yhz8ekcb1A==",
      "license": "MIT",
      "engines": {
        "node": ">=8"
      }
    },
    "node_modules/signal-exit": {
      "version": "4.1.0",
      "resolved": "https://registry.npmjs.org/signal-exit/-/signal-exit-4.1.0.tgz",
      "integrity": "sha512-bzyZ1e88w9O1iNJbKnOlvYTrWPDl46O1bG0D3XInv+9tkPrxrN8jUUTiFlDkkmKWgn1M6CfIA13SuGqOa9Korw==",
      "license": "ISC",
      "engines": {
        "node": ">=14"
      },
      "funding": {
        "url": "https://github.com/sponsors/isaacs"
      }
    },
    "node_modules/which": {
      "version": "2.0.2",
      "resolved": "https://registry.npmjs.org/which/-/which-2.0.2.tgz",
      "integrity": "sha512-BLI3Tl1TW3Pvl70l3yq3Y64i+awpwXqsGBYWkkqMtnbXgrMD+yj7rhW0kuEDxzJaYXGjEW5ogapKNMEKNMjibA==",
      "license": "ISC",
      "dependencies": {
        "isexe": "^2.0.0"
      },
      "bin": {
        "node-which": "bin/node-which"
      },
      "engines": {
        "node": ">= 8"
      }
    },
    "node_modules/ws": {
      "version": "8.18.3",
      "resolved": "https://registry.npmjs.org/ws/-/ws-8.18.3.tgz",
      "integrity": "sha512-PEIGCY5tSlUt50cqyMXfCzX+oOPqN0vuGqWzbcJ2xvnkzkq46oOpz7dQaTDBdfICb4N14+GARUDw2XV2N4tvzg==",
      "license": "MIT",
      "engines": {
        "node": ">=10.0.0"
      },
      "peerDependencies": {
        "bufferutil": "^4.0.1",
        "utf-8-validate": ">=5.0.2"
      },
      "peerDependenciesMeta": {
        "bufferutil": {
          "optional": true
        },
        "utf-8-validate": {
          "optional": true
        }
      }
    }
  }
}
